
Microsoft Visual Studio Solution File, Format Version 12.00
# Visual Studio Version 17
VisualStudioVersion = 17.1.32328.378
MinimumVisualStudioVersion = 10.0.40219.1
Project("{FAE04EC0-301F-11D3-BF4B-00C04F79EFBC}") = "Secao5", "Secao5\Secao5.csproj", "{E968CAB0-B60B-4BBE-A8D9-F125EE6AD9E2}"
EndProject
Project("{FAE04EC0-301F-11D3-BF4B-00C04F79EFBC}") = "Properties", "Properties\Properties.csproj", "{77736B84-6699-4F27-8D1B-1B9E971E470F}"
EndProject
Project("{FAE04EC0-301F-11D3-BF4B-00C04F79EFBC}") = "ExercicioBanco", "ExercicioBanco\ExercicioBanco.csproj", "{DB4B4255-E69C-476B-ACD0-097DB430C563}"
EndProject
Global
	GlobalSection(SolutionConfigurationPlatforms) = preSolution
		Debug|Any CPU = Debug|Any CPU
		Release|Any CPU = Release|Any CPU
	EndGlobalSection
	GlobalSection(ProjectConfigurationPlatforms) = postSolution
		{E968CAB0-B60B-4BBE-A8D9-F125EE6AD9E2}.Debug|Any CPU.ActiveCfg = Debug|Any CPU
		{E968CAB0-B60B-4BBE-A8D9-F125EE6AD9E2}.Debug|Any CPU.Build.0 = Debug|Any CPU
		{E968CAB0-B60B-4BBE-A8D9-F125EE6AD9E2}.Release|Any CPU.ActiveCfg = Release|Any CPU
		{E968CAB0-B60B-4BBE-A8D9-F125EE6AD9E2}.Release|Any CPU.Build.0 = Release|Any CPU
		{77736B84-6699-4F27-8D1B-1B9E971E470F}.Debug|Any CPU.ActiveCfg = Debug|Any CPU
		{77736B84-6699-4F27-8D1B-1B9E971E470F}.Debug|Any CPU.Build.0 = Debug|Any CPU
		{77736B84-6699-4F27-8D1B-1B9E971E470F}.Release|Any CPU.ActiveCfg = Release|Any CPU
		{77736B84-6699-4F27-8D1B-1B9E971E470F}.Release|Any CPU.Build.0 = Release|Any CPU
		{DB4B4255-E69C-476B-ACD0-097DB430C563}.Debug|Any CPU.ActiveCfg = Debug|Any CPU
		{DB4B4255-E69C-476B-ACD0-097DB430C563}.Debug|Any CPU.Build.0 = Debug|Any CPU
		{DB4B4255-E69C-476B-ACD0-097DB430C563}.Release|Any CPU.ActiveCfg = Release|Any CPU
		{DB4B4255-E69C-476B-ACD0-097DB430C563}.Release|Any CPU.Build.0 = Release|Any CPU
	EndGlobalSection
	GlobalSection(SolutionProperties) = preSolution
		HideSolutionNode = FALSE
	EndGlobalSection
	GlobalSection(ExtensibilityGlobals) = postSolution
		SolutionGuid = {E3E41D26-7D9E-4520-8653-6054E868E188}
	EndGlobalSection
EndGlobal
