
Microsoft Visual Studio Solution File, Format Version 12.00
# Visual Studio Version 17
VisualStudioVersion = 17.1.32328.378
MinimumVisualStudioVersion = 10.0.40219.1
Project("{9A19103F-16F7-4668-BE54-9A1E7A4F7556}") = "Secao6", "Secao6\Secao6.csproj", "{5FC129AB-AC44-4909-9F62-878D3E1524E0}"
EndProject
Project("{9A19103F-16F7-4668-BE54-9A1E7A4F7556}") = "Arrays", "Arrays\Arrays.csproj", "{73DF9D72-1473-4282-BFE4-8DC6CF661357}"
EndProject
Project("{9A19103F-16F7-4668-BE54-9A1E7A4F7556}") = "ArrayPt2", "ArrayPt2\ArrayPt2.csproj", "{89D4D8F4-301C-4818-8F6F-C8BF81A3F414}"
EndProject
Project("{FAE04EC0-301F-11D3-BF4B-00C04F79EFBC}") = "ExercicioPensionato", "ExercicioPensionato\ExercicioPensionato.csproj", "{2B9B7C3C-165D-4B40-BF6D-A9CA3457D1FC}"
EndProject
Project("{FAE04EC0-301F-11D3-BF4B-00C04F79EFBC}") = "ModificadorParams", "ModificadorParams\ModificadorParams.csproj", "{502CCF3C-AC20-4DEF-8882-1F206770F2AF}"
EndProject
Project("{FAE04EC0-301F-11D3-BF4B-00C04F79EFBC}") = "Listas", "Listas\Listas.csproj", "{E70B315A-DE82-4C0B-B59E-832E9C73FD33}"
EndProject
Project("{FAE04EC0-301F-11D3-BF4B-00C04F79EFBC}") = "ExercicioListFuncionario", "ExercicioListFuncionario\ExercicioListFuncionario.csproj", "{E54EC394-8B1C-40BE-B4C9-3611271075EB}"
EndProject
Global
	GlobalSection(SolutionConfigurationPlatforms) = preSolution
		Debug|Any CPU = Debug|Any CPU
		Release|Any CPU = Release|Any CPU
	EndGlobalSection
	GlobalSection(ProjectConfigurationPlatforms) = postSolution
		{5FC129AB-AC44-4909-9F62-878D3E1524E0}.Debug|Any CPU.ActiveCfg = Debug|Any CPU
		{5FC129AB-AC44-4909-9F62-878D3E1524E0}.Debug|Any CPU.Build.0 = Debug|Any CPU
		{5FC129AB-AC44-4909-9F62-878D3E1524E0}.Release|Any CPU.ActiveCfg = Release|Any CPU
		{5FC129AB-AC44-4909-9F62-878D3E1524E0}.Release|Any CPU.Build.0 = Release|Any CPU
		{73DF9D72-1473-4282-BFE4-8DC6CF661357}.Debug|Any CPU.ActiveCfg = Debug|Any CPU
		{73DF9D72-1473-4282-BFE4-8DC6CF661357}.Debug|Any CPU.Build.0 = Debug|Any CPU
		{73DF9D72-1473-4282-BFE4-8DC6CF661357}.Release|Any CPU.ActiveCfg = Release|Any CPU
		{73DF9D72-1473-4282-BFE4-8DC6CF661357}.Release|Any CPU.Build.0 = Release|Any CPU
		{89D4D8F4-301C-4818-8F6F-C8BF81A3F414}.Debug|Any CPU.ActiveCfg = Debug|Any CPU
		{89D4D8F4-301C-4818-8F6F-C8BF81A3F414}.Debug|Any CPU.Build.0 = Debug|Any CPU
		{89D4D8F4-301C-4818-8F6F-C8BF81A3F414}.Release|Any CPU.ActiveCfg = Release|Any CPU
		{89D4D8F4-301C-4818-8F6F-C8BF81A3F414}.Release|Any CPU.Build.0 = Release|Any CPU
		{2B9B7C3C-165D-4B40-BF6D-A9CA3457D1FC}.Debug|Any CPU.ActiveCfg = Debug|Any CPU
		{2B9B7C3C-165D-4B40-BF6D-A9CA3457D1FC}.Debug|Any CPU.Build.0 = Debug|Any CPU
		{2B9B7C3C-165D-4B40-BF6D-A9CA3457D1FC}.Release|Any CPU.ActiveCfg = Release|Any CPU
		{2B9B7C3C-165D-4B40-BF6D-A9CA3457D1FC}.Release|Any CPU.Build.0 = Release|Any CPU
		{502CCF3C-AC20-4DEF-8882-1F206770F2AF}.Debug|Any CPU.ActiveCfg = Debug|Any CPU
		{502CCF3C-AC20-4DEF-8882-1F206770F2AF}.Debug|Any CPU.Build.0 = Debug|Any CPU
		{502CCF3C-AC20-4DEF-8882-1F206770F2AF}.Release|Any CPU.ActiveCfg = Release|Any CPU
		{502CCF3C-AC20-4DEF-8882-1F206770F2AF}.Release|Any CPU.Build.0 = Release|Any CPU
		{E70B315A-DE82-4C0B-B59E-832E9C73FD33}.Debug|Any CPU.ActiveCfg = Debug|Any CPU
		{E70B315A-DE82-4C0B-B59E-832E9C73FD33}.Debug|Any CPU.Build.0 = Debug|Any CPU
		{E70B315A-DE82-4C0B-B59E-832E9C73FD33}.Release|Any CPU.ActiveCfg = Release|Any CPU
		{E70B315A-DE82-4C0B-B59E-832E9C73FD33}.Release|Any CPU.Build.0 = Release|Any CPU
		{E54EC394-8B1C-40BE-B4C9-3611271075EB}.Debug|Any CPU.ActiveCfg = Debug|Any CPU
		{E54EC394-8B1C-40BE-B4C9-3611271075EB}.Debug|Any CPU.Build.0 = Debug|Any CPU
		{E54EC394-8B1C-40BE-B4C9-3611271075EB}.Release|Any CPU.ActiveCfg = Release|Any CPU
		{E54EC394-8B1C-40BE-B4C9-3611271075EB}.Release|Any CPU.Build.0 = Release|Any CPU
	EndGlobalSection
	GlobalSection(SolutionProperties) = preSolution
		HideSolutionNode = FALSE
	EndGlobalSection
	GlobalSection(ExtensibilityGlobals) = postSolution
		SolutionGuid = {D9B320D0-C320-4EBA-ACA6-4D6B48B4C233}
	EndGlobalSection
EndGlobal
